{
  "name": "create-react-app",
  "lockfileVersion": 3,
+ "homepage": "https://{AllexIdi}.github.io/{react-hooks}",
  "requires": true,
  "packages": {}
}

"scripts": {
+   "predeploy": "npm run build",
+   "deploy": "gh-pages -d build",
    "start": "react-scripts start",
    "build": "react-scripts build",
